// !$*UTF8*$!
{
	archiveVersion = 1;
	classes = {
	};
	objectVersion = 56;
	objects = {

/* Begin PBXBuildFile section */
		D432E67629D19E3500A9B5C9 /* RegistrationPage.swift in Sources */ = {isa = PBXBuildFile; fileRef = D432E67529D19E3500A9B5C9 /* RegistrationPage.swift */; };
		D4525B6629EBCA4A00F4F28E /* SwiftUIView.swift in Sources */ = {isa = PBXBuildFile; fileRef = D4525B6529EBCA4A00F4F28E /* SwiftUIView.swift */; };
		D4525B6929EBCA8400F4F28E /* OneTimeCodeBoxes.swift in Sources */ = {isa = PBXBuildFile; fileRef = D4525B6829EBCA8400F4F28E /* OneTimeCodeBoxes.swift */; };
		D4525B6B29EBCA9400F4F28E /* OneTimeCodeInput.swift in Sources */ = {isa = PBXBuildFile; fileRef = D4525B6A29EBCA9400F4F28E /* OneTimeCodeInput.swift */; };
		D4525B6E29EBCAC900F4F28E /* String+.swift in Sources */ = {isa = PBXBuildFile; fileRef = D4525B6D29EBCAC900F4F28E /* String+.swift */; };
		D4525B7029EBD07700F4F28E /* Password_1.swift in Sources */ = {isa = PBXBuildFile; fileRef = D4525B6F29EBD07700F4F28E /* Password_1.swift */; };
		D474D9AF29E65E6D00599C28 /* LogicTextField.swift in Sources */ = {isa = PBXBuildFile; fileRef = D474D9AE29E65E6D00599C28 /* LogicTextField.swift */; };
		D474D9B129E66C3100599C28 /* Trust.swift in Sources */ = {isa = PBXBuildFile; fileRef = D474D9B029E66C3100599C28 /* Trust.swift */; };
		D474D9B529E6B98000599C28 /* Password.swift in Sources */ = {isa = PBXBuildFile; fileRef = D474D9B429E6B98000599C28 /* Password.swift */; };
		D474D9B729E6B99E00599C28 /* PinCode.swift in Sources */ = {isa = PBXBuildFile; fileRef = D474D9B629E6B99E00599C28 /* PinCode.swift */; };
		D476214929E3450900E6721D /* ErrorNotificationTextField.swift in Sources */ = {isa = PBXBuildFile; fileRef = D476214829E3450900E6721D /* ErrorNotificationTextField.swift */; };
		D48EDBA029C1A463008A6704 /* PaylovApp.swift in Sources */ = {isa = PBXBuildFile; fileRef = D48EDB9F29C1A463008A6704 /* PaylovApp.swift */; };
		D48EDBA229C1A463008A6704 /* LanguageView.swift in Sources */ = {isa = PBXBuildFile; fileRef = D48EDBA129C1A463008A6704 /* LanguageView.swift */; };
		D48EDBA429C1A466008A6704 /* Assets.xcassets in Resources */ = {isa = PBXBuildFile; fileRef = D48EDBA329C1A466008A6704 /* Assets.xcassets */; };
		D48EDBAE29C1B4C3008A6704 /* SplashScreenView.swift in Sources */ = {isa = PBXBuildFile; fileRef = D48EDBAD29C1B4C3008A6704 /* SplashScreenView.swift */; };
		D48EDBB429C1EEC6008A6704 /* PhoneNumber.swift in Sources */ = {isa = PBXBuildFile; fileRef = D48EDBB329C1EEC6008A6704 /* PhoneNumber.swift */; };
		D48EDBD629C34A22008A6704 /* Animation.swift in Sources */ = {isa = PBXBuildFile; fileRef = D48EDBD529C34A22008A6704 /* Animation.swift */; };
/* End PBXBuildFile section */

/* Begin PBXFileReference section */
		D432E67529D19E3500A9B5C9 /* RegistrationPage.swift */ = {isa = PBXFileReference; lastKnownFileType = sourcecode.swift; path = RegistrationPage.swift; sourceTree = "<group>"; };
		D44E551329E3D19B00B9CFCB /* Rubik-Black.ttf */ = {isa = PBXFileReference; lastKnownFileType = file; path = "Rubik-Black.ttf"; sourceTree = "<group>"; };
		D4525B6529EBCA4A00F4F28E /* SwiftUIView.swift */ = {isa = PBXFileReference; lastKnownFileType = sourcecode.swift; path = SwiftUIView.swift; sourceTree = "<group>"; };
		D4525B6829EBCA8400F4F28E /* OneTimeCodeBoxes.swift */ = {isa = PBXFileReference; lastKnownFileType = sourcecode.swift; path = OneTimeCodeBoxes.swift; sourceTree = "<group>"; };
		D4525B6A29EBCA9400F4F28E /* OneTimeCodeInput.swift */ = {isa = PBXFileReference; lastKnownFileType = sourcecode.swift; path = OneTimeCodeInput.swift; sourceTree = "<group>"; };
		D4525B6D29EBCAC900F4F28E /* String+.swift */ = {isa = PBXFileReference; lastKnownFileType = sourcecode.swift; path = "String+.swift"; sourceTree = "<group>"; };
		D4525B6F29EBD07700F4F28E /* Password_1.swift */ = {isa = PBXFileReference; lastKnownFileType = sourcecode.swift; path = Password_1.swift; sourceTree = "<group>"; };
		D463CEAA29E553570071A74A /* Rubik-Black.ttf */ = {isa = PBXFileReference; lastKnownFileType = file; name = "Rubik-Black.ttf"; path = "../../../../../../Downloads/Rubik (2)/static/Rubik-Black.ttf"; sourceTree = "<group>"; };
		D463CEAB29E553570071A74A /* Rubik-MediumItalic.ttf */ = {isa = PBXFileReference; lastKnownFileType = file; path = "Rubik-MediumItalic.ttf"; sourceTree = "<group>"; };
		D463CEAC29E553570071A74A /* Rubik-SemiBoldItalic.ttf */ = {isa = PBXFileReference; lastKnownFileType = file; path = "Rubik-SemiBoldItalic.ttf"; sourceTree = "<group>"; };
		D463CEAD29E553570071A74A /* Rubik-SemiBold.ttf */ = {isa = PBXFileReference; lastKnownFileType = file; path = "Rubik-SemiBold.ttf"; sourceTree = "<group>"; };
		D463CEAE29E553570071A74A /* Rubik-Bold.ttf */ = {isa = PBXFileReference; lastKnownFileType = file; path = "Rubik-Bold.ttf"; sourceTree = "<group>"; };
		D463CEAF29E553570071A74A /* Rubik-Medium.ttf */ = {isa = PBXFileReference; lastKnownFileType = file; path = "Rubik-Medium.ttf"; sourceTree = "<group>"; };
		D463CEB029E553570071A74A /* Rubik-Italic.ttf */ = {isa = PBXFileReference; lastKnownFileType = file; path = "Rubik-Italic.ttf"; sourceTree = "<group>"; };
		D463CEB129E553570071A74A /* Rubik-Regular.ttf */ = {isa = PBXFileReference; lastKnownFileType = file; path = "Rubik-Regular.ttf"; sourceTree = "<group>"; };
		D463CEB229E553580071A74A /* Rubik-BlackItalic.ttf */ = {isa = PBXFileReference; lastKnownFileType = file; path = "Rubik-BlackItalic.ttf"; sourceTree = "<group>"; };
		D463CEB329E553580071A74A /* Rubik-ExtraBold.ttf */ = {isa = PBXFileReference; lastKnownFileType = file; path = "Rubik-ExtraBold.ttf"; sourceTree = "<group>"; };
		D463CEB429E553580071A74A /* Rubik-Light.ttf */ = {isa = PBXFileReference; lastKnownFileType = file; path = "Rubik-Light.ttf"; sourceTree = "<group>"; };
		D463CEB529E553580071A74A /* Rubik-ExtraBoldItalic.ttf */ = {isa = PBXFileReference; lastKnownFileType = file; path = "Rubik-ExtraBoldItalic.ttf"; sourceTree = "<group>"; };
		D463CEB629E553580071A74A /* Rubik-BoldItalic.ttf */ = {isa = PBXFileReference; lastKnownFileType = file; path = "Rubik-BoldItalic.ttf"; sourceTree = "<group>"; };
		D463CEB729E553580071A74A /* Rubik-LightItalic.ttf */ = {isa = PBXFileReference; lastKnownFileType = file; path = "Rubik-LightItalic.ttf"; sourceTree = "<group>"; };
		D463CEC629E5539B0071A74A /* Info.plist */ = {isa = PBXFileReference; lastKnownFileType = text.plist.xml; name = Info.plist; path = ../Info.plist; sourceTree = "<group>"; };
		D474D9AE29E65E6D00599C28 /* LogicTextField.swift */ = {isa = PBXFileReference; lastKnownFileType = sourcecode.swift; path = LogicTextField.swift; sourceTree = "<group>"; };
		D474D9B029E66C3100599C28 /* Trust.swift */ = {isa = PBXFileReference; lastKnownFileType = sourcecode.swift; path = Trust.swift; sourceTree = "<group>"; };
		D474D9B429E6B98000599C28 /* Password.swift */ = {isa = PBXFileReference; lastKnownFileType = sourcecode.swift; path = Password.swift; sourceTree = "<group>"; };
		D474D9B629E6B99E00599C28 /* PinCode.swift */ = {isa = PBXFileReference; lastKnownFileType = sourcecode.swift; path = PinCode.swift; sourceTree = "<group>"; };
		D476214829E3450900E6721D /* ErrorNotificationTextField.swift */ = {isa = PBXFileReference; lastKnownFileType = sourcecode.swift; path = ErrorNotificationTextField.swift; sourceTree = "<group>"; };
		D48EDB9C29C1A463008A6704 /* Paylov.app */ = {isa = PBXFileReference; explicitFileType = wrapper.application; includeInIndex = 0; path = Paylov.app; sourceTree = BUILT_PRODUCTS_DIR; };
		D48EDB9F29C1A463008A6704 /* PaylovApp.swift */ = {isa = PBXFileReference; lastKnownFileType = sourcecode.swift; path = PaylovApp.swift; sourceTree = "<group>"; };
		D48EDBA129C1A463008A6704 /* LanguageView.swift */ = {isa = PBXFileReference; lastKnownFileType = sourcecode.swift; path = LanguageView.swift; sourceTree = "<group>"; };
		D48EDBA329C1A466008A6704 /* Assets.xcassets */ = {isa = PBXFileReference; lastKnownFileType = folder.assetcatalog; path = Assets.xcassets; sourceTree = "<group>"; };
		D48EDBA629C1A466008A6704 /* Preview Assets.xcassets */ = {isa = PBXFileReference; lastKnownFileType = folder.assetcatalog; path = "Preview Assets.xcassets"; sourceTree = "<group>"; };
		D48EDBAD29C1B4C3008A6704 /* SplashScreenView.swift */ = {isa = PBXFileReference; lastKnownFileType = sourcecode.swift; path = SplashScreenView.swift; sourceTree = "<group>"; };
		D48EDBB329C1EEC6008A6704 /* PhoneNumber.swift */ = {isa = PBXFileReference; lastKnownFileType = sourcecode.swift; path = PhoneNumber.swift; sourceTree = "<group>"; };
		D48EDBD529C34A22008A6704 /* Animation.swift */ = {isa = PBXFileReference; lastKnownFileType = sourcecode.swift; path = Animation.swift; sourceTree = "<group>"; };
/* End PBXFileReference section */

/* Begin PBXFrameworksBuildPhase section */
		D48EDB9929C1A463008A6704 /* Frameworks */ = {
			isa = PBXFrameworksBuildPhase;
			buildActionMask = 2147483647;
			files = (
			);
			runOnlyForDeploymentPostprocessing = 0;
		};
/* End PBXFrameworksBuildPhase section */

/* Begin PBXGroup section */
		D432E67729D1B64400A9B5C9 /* Font */ = {
			isa = PBXGroup;
			children = (
				D463CEAA29E553570071A74A /* Rubik-Black.ttf */,
				D463CEB229E553580071A74A /* Rubik-BlackItalic.ttf */,
				D463CEAE29E553570071A74A /* Rubik-Bold.ttf */,
				D463CEB629E553580071A74A /* Rubik-BoldItalic.ttf */,
				D463CEB329E553580071A74A /* Rubik-ExtraBold.ttf */,
				D463CEB529E553580071A74A /* Rubik-ExtraBoldItalic.ttf */,
				D463CEB029E553570071A74A /* Rubik-Italic.ttf */,
				D463CEB429E553580071A74A /* Rubik-Light.ttf */,
				D463CEB729E553580071A74A /* Rubik-LightItalic.ttf */,
				D463CEAF29E553570071A74A /* Rubik-Medium.ttf */,
				D463CEAB29E553570071A74A /* Rubik-MediumItalic.ttf */,
				D463CEB129E553570071A74A /* Rubik-Regular.ttf */,
				D463CEAD29E553570071A74A /* Rubik-SemiBold.ttf */,
				D463CEAC29E553570071A74A /* Rubik-SemiBoldItalic.ttf */,
				D44E551329E3D19B00B9CFCB /* Rubik-Black.ttf */,
			);
			path = Font;
			sourceTree = "<group>";
		};
		D4525B6429EBCA2A00F4F28E /* otp */ = {
			isa = PBXGroup;
			children = (
				D4525B6529EBCA4A00F4F28E /* SwiftUIView.swift */,
				D4525B6729EBCA6E00F4F28E /* New Group */,
			);
			path = otp;
			sourceTree = "<group>";
		};
		D4525B6729EBCA6E00F4F28E /* New Group */ = {
			isa = PBXGroup;
			children = (
				D4525B6829EBCA8400F4F28E /* OneTimeCodeBoxes.swift */,
				D4525B6A29EBCA9400F4F28E /* OneTimeCodeInput.swift */,
				D4525B6C29EBCAAE00F4F28E /* Utils */,
			);
			path = "New Group";
			sourceTree = "<group>";
		};
		D4525B6C29EBCAAE00F4F28E /* Utils */ = {
			isa = PBXGroup;
			children = (
				D4525B6D29EBCAC900F4F28E /* String+.swift */,
			);
			path = Utils;
			sourceTree = "<group>";
		};
		D463CEC829E557920071A74A /* Language */ = {
			isa = PBXGroup;
			children = (
				D48EDBA129C1A463008A6704 /* LanguageView.swift */,
				D48EDBAD29C1B4C3008A6704 /* SplashScreenView.swift */,
				D48EDBD529C34A22008A6704 /* Animation.swift */,
			);
			path = Language;
			sourceTree = "<group>";
		};
		D463CECA29E558080071A74A /* Phone number */ = {
			isa = PBXGroup;
			children = (
				D48EDBB329C1EEC6008A6704 /* PhoneNumber.swift */,
				D476214829E3450900E6721D /* ErrorNotificationTextField.swift */,
				D474D9AE29E65E6D00599C28 /* LogicTextField.swift */,
				D474D9B029E66C3100599C28 /* Trust.swift */,
				D4525B6F29EBD07700F4F28E /* Password_1.swift */,
				D4525B6429EBCA2A00F4F28E /* otp */,
			);
			path = "Phone number";
			sourceTree = "<group>";
		};
		D474D9B829E6B9A600599C28 /* RegistrationPage */ = {
			isa = PBXGroup;
			children = (
				D432E67529D19E3500A9B5C9 /* RegistrationPage.swift */,
				D474D9B429E6B98000599C28 /* Password.swift */,
				D474D9B629E6B99E00599C28 /* PinCode.swift */,
			);
			path = RegistrationPage;
			sourceTree = "<group>";
		};
		D48EDB9329C1A463008A6704 = {
			isa = PBXGroup;
			children = (
				D48EDB9E29C1A463008A6704 /* Paylov */,
				D48EDB9D29C1A463008A6704 /* Products */,
			);
			sourceTree = "<group>";
		};
		D48EDB9D29C1A463008A6704 /* Products */ = {
			isa = PBXGroup;
			children = (
				D48EDB9C29C1A463008A6704 /* Paylov.app */,
			);
			name = Products;
			sourceTree = "<group>";
		};
		D48EDB9E29C1A463008A6704 /* Paylov */ = {
			isa = PBXGroup;
			children = (
				D432E67729D1B64400A9B5C9 /* Font */,
				D48EDB9F29C1A463008A6704 /* PaylovApp.swift */,
				D463CEC829E557920071A74A /* Language */,
				D463CECA29E558080071A74A /* Phone number */,
				D474D9B829E6B9A600599C28 /* RegistrationPage */,
				D463CEC629E5539B0071A74A /* Info.plist */,
				D48EDBA329C1A466008A6704 /* Assets.xcassets */,
				D48EDBA529C1A466008A6704 /* Preview Content */,
			);
			path = Paylov;
			sourceTree = "<group>";
		};
		D48EDBA529C1A466008A6704 /* Preview Content */ = {
			isa = PBXGroup;
			children = (
				D48EDBA629C1A466008A6704 /* Preview Assets.xcassets */,
			);
			path = "Preview Content";
			sourceTree = "<group>";
		};
/* End PBXGroup section */

/* Begin PBXNativeTarget section */
		D48EDB9B29C1A463008A6704 /* Paylov */ = {
			isa = PBXNativeTarget;
			buildConfigurationList = D48EDBAA29C1A466008A6704 /* Build configuration list for PBXNativeTarget "Paylov" */;
			buildPhases = (
				D48EDB9829C1A463008A6704 /* Sources */,
				D48EDB9929C1A463008A6704 /* Frameworks */,
				D48EDB9A29C1A463008A6704 /* Resources */,
			);
			buildRules = (
			);
			dependencies = (
			);
			name = Paylov;
			productName = Paylov;
			productReference = D48EDB9C29C1A463008A6704 /* Paylov.app */;
			productType = "com.apple.product-type.application";
		};
/* End PBXNativeTarget section */

/* Begin PBXProject section */
		D48EDB9429C1A463008A6704 /* Project object */ = {
			isa = PBXProject;
			attributes = {
				BuildIndependentTargetsInParallel = 1;
				LastSwiftUpdateCheck = 1420;
				LastUpgradeCheck = 1420;
				TargetAttributes = {
					D48EDB9B29C1A463008A6704 = {
						CreatedOnToolsVersion = 14.2;
					};
				};
			};
			buildConfigurationList = D48EDB9729C1A463008A6704 /* Build configuration list for PBXProject "Paylov" */;
			compatibilityVersion = "Xcode 14.0";
			developmentRegion = en;
			hasScannedForEncodings = 0;
			knownRegions = (
				en,
				Base,
			);
			mainGroup = D48EDB9329C1A463008A6704;
			productRefGroup = D48EDB9D29C1A463008A6704 /* Products */;
			projectDirPath = "";
			projectRoot = "";
			targets = (
				D48EDB9B29C1A463008A6704 /* Paylov */,
			);
		};
/* End PBXProject section */

/* Begin PBXResourcesBuildPhase section */
		D48EDB9A29C1A463008A6704 /* Resources */ = {
			isa = PBXResourcesBuildPhase;
			buildActionMask = 2147483647;
			files = (
				D48EDBA429C1A466008A6704 /* Assets.xcassets in Resources */,
			);
			runOnlyForDeploymentPostprocessing = 0;
		};
/* End PBXResourcesBuildPhase section */

/* Begin PBXSourcesBuildPhase section */
		D48EDB9829C1A463008A6704 /* Sources */ = {
			isa = PBXSourcesBuildPhase;
			buildActionMask = 2147483647;
			files = (
				D48EDBA229C1A463008A6704 /* LanguageView.swift in Sources */,
				D48EDBA029C1A463008A6704 /* PaylovApp.swift in Sources */,
				D4525B6629EBCA4A00F4F28E /* SwiftUIView.swift in Sources */,
				D4525B6B29EBCA9400F4F28E /* OneTimeCodeInput.swift in Sources */,
				D48EDBD629C34A22008A6704 /* Animation.swift in Sources */,
				D474D9B729E6B99E00599C28 /* PinCode.swift in Sources */,
				D48EDBAE29C1B4C3008A6704 /* SplashScreenView.swift in Sources */,
				D4525B6E29EBCAC900F4F28E /* String+.swift in Sources */,
				D48EDBB429C1EEC6008A6704 /* PhoneNumber.swift in Sources */,
				D474D9B129E66C3100599C28 /* Trust.swift in Sources */,
				D432E67629D19E3500A9B5C9 /* RegistrationPage.swift in Sources */,
				D474D9AF29E65E6D00599C28 /* LogicTextField.swift in Sources */,
				D4525B7029EBD07700F4F28E /* Password_1.swift in Sources */,
				D4525B6929EBCA8400F4F28E /* OneTimeCodeBoxes.swift in Sources */,
				D474D9B529E6B98000599C28 /* Password.swift in Sources */,
				D476214929E3450900E6721D /* ErrorNotificationTextField.swift in Sources */,
			);
			runOnlyForDeploymentPostprocessing = 0;
		};
/* End PBXSourcesBuildPhase section */

/* Begin XCBuildConfiguration section */
		D48EDBA829C1A466008A6704 /* Debug */ = {
			isa = XCBuildConfiguration;
			buildSettings = {
				ALWAYS_SEARCH_USER_PATHS = NO;
				CLANG_ANALYZER_NONNULL = YES;
				CLANG_ANALYZER_NUMBER_OBJECT_CONVERSION = YES_AGGRESSIVE;
				CLANG_CXX_LANGUAGE_STANDARD = "gnu++20";
				CLANG_ENABLE_MODULES = YES;
				CLANG_ENABLE_OBJC_ARC = YES;
				CLANG_ENABLE_OBJC_WEAK = YES;
				CLANG_WARN_BLOCK_CAPTURE_AUTORELEASING = YES;
				CLANG_WARN_BOOL_CONVERSION = YES;
				CLANG_WARN_COMMA = YES;
				CLANG_WARN_CONSTANT_CONVERSION = YES;
				CLANG_WARN_DEPRECATED_OBJC_IMPLEMENTATIONS = YES;
				CLANG_WARN_DIRECT_OBJC_ISA_USAGE = YES_ERROR;
				CLANG_WARN_DOCUMENTATION_COMMENTS = YES;
				CLANG_WARN_EMPTY_BODY = YES;
				CLANG_WARN_ENUM_CONVERSION = YES;
				CLANG_WARN_INFINITE_RECURSION = YES;
				CLANG_WARN_INT_CONVERSION = YES;
				CLANG_WARN_NON_LITERAL_NULL_CONVERSION = YES;
				CLANG_WARN_OBJC_IMPLICIT_RETAIN_SELF = YES;
				CLANG_WARN_OBJC_LITERAL_CONVERSION = YES;
				CLANG_WARN_OBJC_ROOT_CLASS = YES_ERROR;
				CLANG_WARN_QUOTED_INCLUDE_IN_FRAMEWORK_HEADER = YES;
				CLANG_WARN_RANGE_LOOP_ANALYSIS = YES;
				CLANG_WARN_STRICT_PROTOTYPES = YES;
				CLANG_WARN_SUSPICIOUS_MOVE = YES;
				CLANG_WARN_UNGUARDED_AVAILABILITY = YES_AGGRESSIVE;
				CLANG_WARN_UNREACHABLE_CODE = YES;
				CLANG_WARN__DUPLICATE_METHOD_MATCH = YES;
				COPY_PHASE_STRIP = NO;
				DEBUG_INFORMATION_FORMAT = dwarf;
				ENABLE_STRICT_OBJC_MSGSEND = YES;
				ENABLE_TESTABILITY = YES;
				GCC_C_LANGUAGE_STANDARD = gnu11;
				GCC_DYNAMIC_NO_PIC = NO;
				GCC_NO_COMMON_BLOCKS = YES;
				GCC_OPTIMIZATION_LEVEL = 0;
				GCC_PREPROCESSOR_DEFINITIONS = (
					"DEBUG=1",
					"$(inherited)",
				);
				GCC_WARN_64_TO_32_BIT_CONVERSION = YES;
				GCC_WARN_ABOUT_RETURN_TYPE = YES_ERROR;
				GCC_WARN_UNDECLARED_SELECTOR = YES;
				GCC_WARN_UNINITIALIZED_AUTOS = YES_AGGRESSIVE;
				GCC_WARN_UNUSED_FUNCTION = YES;
				GCC_WARN_UNUSED_VARIABLE = YES;
				IPHONEOS_DEPLOYMENT_TARGET = 16.2;
				MTL_ENABLE_DEBUG_INFO = INCLUDE_SOURCE;
				MTL_FAST_MATH = YES;
				ONLY_ACTIVE_ARCH = YES;
				SDKROOT = iphoneos;
				SWIFT_ACTIVE_COMPILATION_CONDITIONS = DEBUG;
				SWIFT_OPTIMIZATION_LEVEL = "-Onone";
			};
			name = Debug;
		};
		D48EDBA929C1A466008A6704 /* Release */ = {
			isa = XCBuildConfiguration;
			buildSettings = {
				ALWAYS_SEARCH_USER_PATHS = NO;
				CLANG_ANALYZER_NONNULL = YES;
				CLANG_ANALYZER_NUMBER_OBJECT_CONVERSION = YES_AGGRESSIVE;
				CLANG_CXX_LANGUAGE_STANDARD = "gnu++20";
				CLANG_ENABLE_MODULES = YES;
				CLANG_ENABLE_OBJC_ARC = YES;
				CLANG_ENABLE_OBJC_WEAK = YES;
				CLANG_WARN_BLOCK_CAPTURE_AUTORELEASING = YES;
				CLANG_WARN_BOOL_CONVERSION = YES;
				CLANG_WARN_COMMA = YES;
				CLANG_WARN_CONSTANT_CONVERSION = YES;
				CLANG_WARN_DEPRECATED_OBJC_IMPLEMENTATIONS = YES;
				CLANG_WARN_DIRECT_OBJC_ISA_USAGE = YES_ERROR;
				CLANG_WARN_DOCUMENTATION_COMMENTS = YES;
				CLANG_WARN_EMPTY_BODY = YES;
				CLANG_WARN_ENUM_CONVERSION = YES;
				CLANG_WARN_INFINITE_RECURSION = YES;
				CLANG_WARN_INT_CONVERSION = YES;
				CLANG_WARN_NON_LITERAL_NULL_CONVERSION = YES;
				CLANG_WARN_OBJC_IMPLICIT_RETAIN_SELF = YES;
				CLANG_WARN_OBJC_LITERAL_CONVERSION = YES;
				CLANG_WARN_OBJC_ROOT_CLASS = YES_ERROR;
				CLANG_WARN_QUOTED_INCLUDE_IN_FRAMEWORK_HEADER = YES;
				CLANG_WARN_RANGE_LOOP_ANALYSIS = YES;
				CLANG_WARN_STRICT_PROTOTYPES = YES;
				CLANG_WARN_SUSPICIOUS_MOVE = YES;
				CLANG_WARN_UNGUARDED_AVAILABILITY = YES_AGGRESSIVE;
				CLANG_WARN_UNREACHABLE_CODE = YES;
				CLANG_WARN__DUPLICATE_METHOD_MATCH = YES;
				COPY_PHASE_STRIP = NO;
				DEBUG_INFORMATION_FORMAT = "dwarf-with-dsym";
				ENABLE_NS_ASSERTIONS = NO;
				ENABLE_STRICT_OBJC_MSGSEND = YES;
				GCC_C_LANGUAGE_STANDARD = gnu11;
				GCC_NO_COMMON_BLOCKS = YES;
				GCC_WARN_64_TO_32_BIT_CONVERSION = YES;
				GCC_WARN_ABOUT_RETURN_TYPE = YES_ERROR;
				GCC_WARN_UNDECLARED_SELECTOR = YES;
				GCC_WARN_UNINITIALIZED_AUTOS = YES_AGGRESSIVE;
				GCC_WARN_UNUSED_FUNCTION = YES;
				GCC_WARN_UNUSED_VARIABLE = YES;
				IPHONEOS_DEPLOYMENT_TARGET = 16.2;
				MTL_ENABLE_DEBUG_INFO = NO;
				MTL_FAST_MATH = YES;
				SDKROOT = iphoneos;
				SWIFT_COMPILATION_MODE = wholemodule;
				SWIFT_OPTIMIZATION_LEVEL = "-O";
				VALIDATE_PRODUCT = YES;
			};
			name = Release;
		};
		D48EDBAB29C1A466008A6704 /* Debug */ = {
			isa = XCBuildConfiguration;
			buildSettings = {
				ASSETCATALOG_COMPILER_APPICON_NAME = AppIcon;
				ASSETCATALOG_COMPILER_GLOBAL_ACCENT_COLOR_NAME = AccentColor;
				CODE_SIGN_STYLE = Automatic;
				CURRENT_PROJECT_VERSION = 1;
				DEVELOPMENT_ASSET_PATHS = "\"Paylov/Preview Content\"";
				DEVELOPMENT_TEAM = 9W4LY938NZ;
				ENABLE_PREVIEWS = YES;
				GENERATE_INFOPLIST_FILE = YES;
				INFOPLIST_KEY_UIApplicationSceneManifest_Generation = YES;
				INFOPLIST_KEY_UIApplicationSupportsIndirectInputEvents = YES;
				INFOPLIST_KEY_UILaunchScreen_Generation = YES;
				INFOPLIST_KEY_UISupportedInterfaceOrientations_iPad = "UIInterfaceOrientationPortrait UIInterfaceOrientationPortraitUpsideDown UIInterfaceOrientationLandscapeLeft UIInterfaceOrientationLandscapeRight";
				INFOPLIST_KEY_UISupportedInterfaceOrientations_iPhone = "UIInterfaceOrientationPortrait UIInterfaceOrientationLandscapeLeft UIInterfaceOrientationLandscapeRight";
				IPHONEOS_DEPLOYMENT_TARGET = 16.4;
				LD_RUNPATH_SEARCH_PATHS = (
					"$(inherited)",
					"@executable_path/Frameworks",
				);
				MARKETING_VERSION = 1.0;
				PRODUCT_BUNDLE_IDENTIFIER = com.habib.Paylov;
				PRODUCT_NAME = "$(TARGET_NAME)";
				SWIFT_EMIT_LOC_STRINGS = YES;
				SWIFT_VERSION = 5.0;
				TARGETED_DEVICE_FAMILY = "1,2";
			};
			name = Debug;
		};
		D48EDBAC29C1A466008A6704 /* Release */ = {
			isa = XCBuildConfiguration;
			buildSettings = {
				ASSETCATALOG_COMPILER_APPICON_NAME = AppIcon;
				ASSETCATALOG_COMPILER_GLOBAL_ACCENT_COLOR_NAME = AccentColor;
				CODE_SIGN_STYLE = Automatic;
				CURRENT_PROJECT_VERSION = 1;
				DEVELOPMENT_ASSET_PATHS = "\"Paylov/Preview Content\"";
				DEVELOPMENT_TEAM = 9W4LY938NZ;
				ENABLE_PREVIEWS = YES;
				GENERATE_INFOPLIST_FILE = YES;
				INFOPLIST_KEY_UIApplicationSceneManifest_Generation = YES;
				INFOPLIST_KEY_UIApplicationSupportsIndirectInputEvents = YES;
				INFOPLIST_KEY_UILaunchScreen_Generation = YES;
				INFOPLIST_KEY_UISupportedInterfaceOrientations_iPad = "UIInterfaceOrientationPortrait UIInterfaceOrientationPortraitUpsideDown UIInterfaceOrientationLandscapeLeft UIInterfaceOrientationLandscapeRight";
				INFOPLIST_KEY_UISupportedInterfaceOrientations_iPhone = "UIInterfaceOrientationPortrait UIInterfaceOrientationLandscapeLeft UIInterfaceOrientationLandscapeRight";
				IPHONEOS_DEPLOYMENT_TARGET = 16.4;
				LD_RUNPATH_SEARCH_PATHS = (
					"$(inherited)",
					"@executable_path/Frameworks",
				);
				MARKETING_VERSION = 1.0;
				PRODUCT_BUNDLE_IDENTIFIER = com.habib.Paylov;
				PRODUCT_NAME = "$(TARGET_NAME)";
				SWIFT_EMIT_LOC_STRINGS = YES;
				SWIFT_VERSION = 5.0;
				TARGETED_DEVICE_FAMILY = "1,2";
			};
			name = Release;
		};
/* End XCBuildConfiguration section */

/* Begin XCConfigurationList section */
		D48EDB9729C1A463008A6704 /* Build configuration list for PBXProject "Paylov" */ = {
			isa = XCConfigurationList;
			buildConfigurations = (
				D48EDBA829C1A466008A6704 /* Debug */,
				D48EDBA929C1A466008A6704 /* Release */,
			);
			defaultConfigurationIsVisible = 0;
			defaultConfigurationName = Release;
		};
		D48EDBAA29C1A466008A6704 /* Build configuration list for PBXNativeTarget "Paylov" */ = {
			isa = XCConfigurationList;
			buildConfigurations = (
				D48EDBAB29C1A466008A6704 /* Debug */,
				D48EDBAC29C1A466008A6704 /* Release */,
			);
			defaultConfigurationIsVisible = 0;
			defaultConfigurationName = Release;
		};
/* End XCConfigurationList section */
	};
	rootObject = D48EDB9429C1A463008A6704 /* Project object */;
}
